
Microsoft Visual Studio Solution File, Format Version 11.00
# Visual Studio 2010
Project("{8BC9CEB8-8B4A-11D0-8D11-00A0C91BC942}") = "libIntegra", "libIntegra.vcxproj", "{FC44D9BF-1E20-44A7-B456-BEECA84DA30F}"
EndProject
Project("{8BC9CEB8-8B4A-11D0-8D11-00A0C91BC942}") = "IntegraServer", "IntegraServer.vcxproj", "{372CD258-94DB-45E2-A607-73D35C93D112}"
	ProjectSection(ProjectDependencies) = postProject
		{47882E24-955F-4248-8602-2DE76D609FEB} = {47882E24-955F-4248-8602-2DE76D609FEB}
		{62812EB5-133C-49D2-84B5-74B44EF07ECC} = {62812EB5-133C-49D2-84B5-74B44EF07ECC}
	EndProjectSection
EndProject
Project("{2150E333-8FDC-42A3-9474-1A3956D46DE8}") = "Bridges", "Bridges", "{76CF01C3-23BD-4049-8555-E6014A1F26DF}"
EndProject
Project("{8BC9CEB8-8B4A-11D0-8D11-00A0C91BC942}") = "DummyBridge", "DummyBridge.vcxproj", "{47882E24-955F-4248-8602-2DE76D609FEB}"
EndProject
Project("{8BC9CEB8-8B4A-11D0-8D11-00A0C91BC942}") = "OscBridge", "OscBridge.vcxproj", "{62812EB5-133C-49D2-84B5-74B44EF07ECC}"
	ProjectSection(ProjectDependencies) = postProject
		{FC44D9BF-1E20-44A7-B456-BEECA84DA30F} = {FC44D9BF-1E20-44A7-B456-BEECA84DA30F}
	EndProjectSection
EndProject
Project("{930C7802-8A8C-48F9-8165-68863BCCD9DD}") = "Integra Live Setup", "Setup\Integra Live Setup.wixproj", "{28419E9C-0232-4DED-9340-1B495A7633C3}"
	ProjectSection(ProjectDependencies) = postProject
		{47882E24-955F-4248-8602-2DE76D609FEB} = {47882E24-955F-4248-8602-2DE76D609FEB}
		{372CD258-94DB-45E2-A607-73D35C93D112} = {372CD258-94DB-45E2-A607-73D35C93D112}
		{62812EB5-133C-49D2-84B5-74B44EF07ECC} = {62812EB5-133C-49D2-84B5-74B44EF07ECC}
		{FC44D9BF-1E20-44A7-B456-BEECA84DA30F} = {FC44D9BF-1E20-44A7-B456-BEECA84DA30F}
	EndProjectSection
EndProject
Global
	GlobalSection(SolutionConfigurationPlatforms) = preSolution
		Debug|Mixed Platforms = Debug|Mixed Platforms
		Debug|Win32 = Debug|Win32
		Debug|x86 = Debug|x86
		Release|Mixed Platforms = Release|Mixed Platforms
		Release|Win32 = Release|Win32
		Release|x86 = Release|x86
	EndGlobalSection
	GlobalSection(ProjectConfigurationPlatforms) = postSolution
		{FC44D9BF-1E20-44A7-B456-BEECA84DA30F}.Debug|Mixed Platforms.ActiveCfg = Debug|Win32
		{FC44D9BF-1E20-44A7-B456-BEECA84DA30F}.Debug|Mixed Platforms.Build.0 = Debug|Win32
		{FC44D9BF-1E20-44A7-B456-BEECA84DA30F}.Debug|Win32.ActiveCfg = Debug|Win32
		{FC44D9BF-1E20-44A7-B456-BEECA84DA30F}.Debug|Win32.Build.0 = Debug|Win32
		{FC44D9BF-1E20-44A7-B456-BEECA84DA30F}.Debug|x86.ActiveCfg = Debug|Win32
		{FC44D9BF-1E20-44A7-B456-BEECA84DA30F}.Release|Mixed Platforms.ActiveCfg = Release|Win32
		{FC44D9BF-1E20-44A7-B456-BEECA84DA30F}.Release|Mixed Platforms.Build.0 = Release|Win32
		{FC44D9BF-1E20-44A7-B456-BEECA84DA30F}.Release|Win32.ActiveCfg = Release|Win32
		{FC44D9BF-1E20-44A7-B456-BEECA84DA30F}.Release|Win32.Build.0 = Release|Win32
		{FC44D9BF-1E20-44A7-B456-BEECA84DA30F}.Release|x86.ActiveCfg = Release|Win32
		{372CD258-94DB-45E2-A607-73D35C93D112}.Debug|Mixed Platforms.ActiveCfg = Debug|Win32
		{372CD258-94DB-45E2-A607-73D35C93D112}.Debug|Mixed Platforms.Build.0 = Debug|Win32
		{372CD258-94DB-45E2-A607-73D35C93D112}.Debug|Win32.ActiveCfg = Debug|Win32
		{372CD258-94DB-45E2-A607-73D35C93D112}.Debug|Win32.Build.0 = Debug|Win32
		{372CD258-94DB-45E2-A607-73D35C93D112}.Debug|x86.ActiveCfg = Debug|Win32
		{372CD258-94DB-45E2-A607-73D35C93D112}.Release|Mixed Platforms.ActiveCfg = Release|Win32
		{372CD258-94DB-45E2-A607-73D35C93D112}.Release|Mixed Platforms.Build.0 = Release|Win32
		{372CD258-94DB-45E2-A607-73D35C93D112}.Release|Win32.ActiveCfg = Release|Win32
		{372CD258-94DB-45E2-A607-73D35C93D112}.Release|Win32.Build.0 = Release|Win32
		{372CD258-94DB-45E2-A607-73D35C93D112}.Release|x86.ActiveCfg = Release|Win32
		{47882E24-955F-4248-8602-2DE76D609FEB}.Debug|Mixed Platforms.ActiveCfg = Debug|Win32
		{47882E24-955F-4248-8602-2DE76D609FEB}.Debug|Mixed Platforms.Build.0 = Debug|Win32
		{47882E24-955F-4248-8602-2DE76D609FEB}.Debug|Win32.ActiveCfg = Debug|Win32
		{47882E24-955F-4248-8602-2DE76D609FEB}.Debug|Win32.Build.0 = Debug|Win32
		{47882E24-955F-4248-8602-2DE76D609FEB}.Debug|x86.ActiveCfg = Debug|Win32
		{47882E24-955F-4248-8602-2DE76D609FEB}.Release|Mixed Platforms.ActiveCfg = Release|Win32
		{47882E24-955F-4248-8602-2DE76D609FEB}.Release|Mixed Platforms.Build.0 = Release|Win32
		{47882E24-955F-4248-8602-2DE76D609FEB}.Release|Win32.ActiveCfg = Release|Win32
		{47882E24-955F-4248-8602-2DE76D609FEB}.Release|Win32.Build.0 = Release|Win32
		{47882E24-955F-4248-8602-2DE76D609FEB}.Release|x86.ActiveCfg = Release|Win32
		{62812EB5-133C-49D2-84B5-74B44EF07ECC}.Debug|Mixed Platforms.ActiveCfg = Debug|Win32
		{62812EB5-133C-49D2-84B5-74B44EF07ECC}.Debug|Mixed Platforms.Build.0 = Debug|Win32
		{62812EB5-133C-49D2-84B5-74B44EF07ECC}.Debug|Win32.ActiveCfg = Debug|Win32
		{62812EB5-133C-49D2-84B5-74B44EF07ECC}.Debug|Win32.Build.0 = Debug|Win32
		{62812EB5-133C-49D2-84B5-74B44EF07ECC}.Debug|x86.ActiveCfg = Debug|Win32
		{62812EB5-133C-49D2-84B5-74B44EF07ECC}.Release|Mixed Platforms.ActiveCfg = Release|Win32
		{62812EB5-133C-49D2-84B5-74B44EF07ECC}.Release|Mixed Platforms.Build.0 = Release|Win32
		{62812EB5-133C-49D2-84B5-74B44EF07ECC}.Release|Win32.ActiveCfg = Release|Win32
		{62812EB5-133C-49D2-84B5-74B44EF07ECC}.Release|Win32.Build.0 = Release|Win32
		{62812EB5-133C-49D2-84B5-74B44EF07ECC}.Release|x86.ActiveCfg = Release|Win32
		{28419E9C-0232-4DED-9340-1B495A7633C3}.Debug|Mixed Platforms.ActiveCfg = Debug|x86
		{28419E9C-0232-4DED-9340-1B495A7633C3}.Debug|Win32.ActiveCfg = Debug|x86
		{28419E9C-0232-4DED-9340-1B495A7633C3}.Debug|x86.ActiveCfg = Debug|x86
		{28419E9C-0232-4DED-9340-1B495A7633C3}.Debug|x86.Build.0 = Debug|x86
		{28419E9C-0232-4DED-9340-1B495A7633C3}.Release|Mixed Platforms.ActiveCfg = Release|x86
		{28419E9C-0232-4DED-9340-1B495A7633C3}.Release|Win32.ActiveCfg = Release|x86
		{28419E9C-0232-4DED-9340-1B495A7633C3}.Release|x86.ActiveCfg = Release|x86
		{28419E9C-0232-4DED-9340-1B495A7633C3}.Release|x86.Build.0 = Release|x86
	EndGlobalSection
	GlobalSection(SolutionProperties) = preSolution
		HideSolutionNode = FALSE
	EndGlobalSection
	GlobalSection(NestedProjects) = preSolution
		{47882E24-955F-4248-8602-2DE76D609FEB} = {76CF01C3-23BD-4049-8555-E6014A1F26DF}
		{62812EB5-133C-49D2-84B5-74B44EF07ECC} = {76CF01C3-23BD-4049-8555-E6014A1F26DF}
	EndGlobalSection
EndGlobal
