<?xml version="1.0" encoding="utf-8"?>
<Project ToolsVersion="4.0" xmlns="http://schemas.microsoft.com/developer/msbuild/2003">
  <ItemGroup>
    <Filter Include="Source Files">
      <UniqueIdentifier>{4FC737F1-C7A5-4376-A066-2A32D752A2FF}</UniqueIdentifier>
      <Extensions>cpp;c;cc;cxx;def;odl;idl;hpj;bat;asm;asmx</Extensions>
    </Filter>
    <Filter Include="Header Files">
      <UniqueIdentifier>{93995380-89BD-4b04-88EB-625FBE52EBFB}</UniqueIdentifier>
      <Extensions>h;hpp;hxx;hm;inl;inc;xsd</Extensions>
    </Filter>
    <Filter Include="Resource Files">
      <UniqueIdentifier>{67DA6AB6-F800-4c08-8B7A-83BB121AAD01}</UniqueIdentifier>
      <Extensions>rc;ico;cur;bmp;dlg;rc2;rct;bin;rgs;gif;jpg;jpeg;jpe;resx;tiff;tif;png;wav</Extensions>
    </Filter>
    <Filter Include="Externals">
      <UniqueIdentifier>{65e3ea0e-ec94-49bb-ae25-19420ecbe354}</UniqueIdentifier>
    </Filter>
    <Filter Include="Externals\minizip">
      <UniqueIdentifier>{1c90c70b-2bde-44ce-9486-309ad379e62c}</UniqueIdentifier>
    </Filter>
    <Filter Include="Header Files\api">
      <UniqueIdentifier>{0ba03a83-0c04-4a8e-a46d-7489cfdce5f1}</UniqueIdentifier>
    </Filter>
    <Filter Include="Source Files\commands">
      <UniqueIdentifier>{ee7fb87a-55bc-4b33-b883-36ada6a012ef}</UniqueIdentifier>
    </Filter>
    <Filter Include="Header Files\commands">
      <UniqueIdentifier>{974af5c7-7c9c-4c6b-9332-7d9bff6121dc}</UniqueIdentifier>
    </Filter>
    <Filter Include="Header Files\logic">
      <UniqueIdentifier>{b8752cc3-e7fa-4e2f-b267-b7474dfe1438}</UniqueIdentifier>
    </Filter>
    <Filter Include="Source Files\logic">
      <UniqueIdentifier>{ecd5274d-8586-4162-8349-60b75ba27bf1}</UniqueIdentifier>
    </Filter>
  </ItemGroup>
  <ItemGroup>
    <ClCompile Include="..\externals\minizip\ioapi.c">
      <Filter>Externals\minizip</Filter>
    </ClCompile>
    <ClCompile Include="..\externals\minizip\iowin32.c">
      <Filter>Externals\minizip</Filter>
    </ClCompile>
    <ClCompile Include="..\externals\minizip\mztools.c">
      <Filter>Externals\minizip</Filter>
    </ClCompile>
    <ClCompile Include="..\externals\minizip\unzip.c">
      <Filter>Externals\minizip</Filter>
    </ClCompile>
    <ClCompile Include="..\externals\minizip\zip.c">
      <Filter>Externals\minizip</Filter>
    </ClCompile>
    <ClCompile Include="..\src\module_manager.cpp">
      <Filter>Source Files</Filter>
    </ClCompile>
    <ClCompile Include="..\src\bridge_host.cpp">
      <Filter>Source Files</Filter>
    </ClCompile>
    <ClCompile Include="..\src\data_directory.cpp">
      <Filter>Source Files</Filter>
    </ClCompile>
    <ClCompile Include="..\src\error.cpp">
      <Filter>Source Files</Filter>
    </ClCompile>
    <ClCompile Include="..\src\file_io.cpp">
      <Filter>Source Files</Filter>
    </ClCompile>
    <ClCompile Include="..\src\init.cpp">
      <Filter>Source Files</Filter>
    </ClCompile>
    <ClCompile Include="..\src\MurmurHash2.cpp">
      <Filter>Source Files</Filter>
    </ClCompile>
    <ClCompile Include="..\src\node.cpp">
      <Filter>Source Files</Filter>
    </ClCompile>
    <ClCompile Include="..\src\osc_client.cpp">
      <Filter>Source Files</Filter>
    </ClCompile>
    <ClCompile Include="..\src\path.cpp">
      <Filter>Source Files</Filter>
    </ClCompile>
    <ClCompile Include="..\src\platform_specifics.cpp">
      <Filter>Source Files</Filter>
    </ClCompile>
    <ClCompile Include="..\src\player_handler.cpp">
      <Filter>Source Files</Filter>
    </ClCompile>
    <ClCompile Include="..\src\reentrance_checker.cpp">
      <Filter>Source Files</Filter>
    </ClCompile>
    <ClCompile Include="..\src\scratch_directory.cpp">
      <Filter>Source Files</Filter>
    </ClCompile>
    <ClCompile Include="..\src\server.cpp">
      <Filter>Source Files</Filter>
    </ClCompile>
    <ClCompile Include="..\src\trace.cpp">
      <Filter>Source Files</Filter>
    </ClCompile>
    <ClCompile Include="..\src\value.cpp">
      <Filter>Source Files</Filter>
    </ClCompile>
    <ClCompile Include="..\src\xmlrpc_common.cpp">
      <Filter>Source Files</Filter>
    </ClCompile>
    <ClCompile Include="..\src\xmlrpc_server.cpp">
      <Filter>Source Files</Filter>
    </ClCompile>
    <ClCompile Include="..\src\node_endpoint.cpp">
      <Filter>Source Files</Filter>
    </ClCompile>
    <ClCompile Include="..\src\state_table.cpp">
      <Filter>Source Files</Filter>
    </ClCompile>
    <ClCompile Include="..\src\file_helper.cpp">
      <Filter>Source Files</Filter>
    </ClCompile>
    <ClCompile Include="..\src\interface_definition.cpp">
      <Filter>Source Files</Filter>
    </ClCompile>
    <ClCompile Include="..\src\interface_definition_loader.cpp">
      <Filter>Source Files</Filter>
    </ClCompile>
    <ClCompile Include="..\src\delete_command.cpp">
      <Filter>Source Files\commands</Filter>
    </ClCompile>
    <ClCompile Include="..\src\new_command.cpp">
      <Filter>Source Files\commands</Filter>
    </ClCompile>
    <ClCompile Include="..\src\set_command.cpp">
      <Filter>Source Files\commands</Filter>
    </ClCompile>
    <ClCompile Include="..\src\rename_command.cpp">
      <Filter>Source Files\commands</Filter>
    </ClCompile>
    <ClCompile Include="..\src\move_command.cpp">
      <Filter>Source Files\commands</Filter>
    </ClCompile>
    <ClCompile Include="..\src\load_command.cpp">
      <Filter>Source Files\commands</Filter>
    </ClCompile>
    <ClCompile Include="..\src\save_command.cpp">
      <Filter>Source Files\commands</Filter>
    </ClCompile>
    <ClCompile Include="..\src\string_helper.cpp">
      <Filter>Source Files</Filter>
    </ClCompile>
    <ClCompile Include="..\src\lua_engine.cpp">
      <Filter>Source Files</Filter>
    </ClCompile>
    <ClCompile Include="..\src\validator.cpp">
      <Filter>Source Files</Filter>
    </ClCompile>
    <ClCompile Include="..\src\logic.cpp">
      <Filter>Source Files\logic</Filter>
    </ClCompile>
    <ClCompile Include="..\src\container_logic.cpp">
      <Filter>Source Files\logic</Filter>
    </ClCompile>
    <ClCompile Include="..\src\scaler_logic.cpp">
      <Filter>Source Files\logic</Filter>
    </ClCompile>
    <ClCompile Include="..\src\scene_logic.cpp">
      <Filter>Source Files\logic</Filter>
    </ClCompile>
    <ClCompile Include="..\src\script_logic.cpp">
      <Filter>Source Files\logic</Filter>
    </ClCompile>
    <ClCompile Include="..\src\connection_logic.cpp">
      <Filter>Source Files\logic</Filter>
    </ClCompile>
    <ClCompile Include="..\src\control_point_logic.cpp">
      <Filter>Source Files\logic</Filter>
    </ClCompile>
    <ClCompile Include="..\src\envelope_logic.cpp">
      <Filter>Source Files\logic</Filter>
    </ClCompile>
    <ClCompile Include="..\src\player_logic.cpp">
      <Filter>Source Files\logic</Filter>
    </ClCompile>
    <ClCompile Include="..\src\guid_helper.cpp">
      <Filter>Source Files</Filter>
    </ClCompile>
    <ClCompile Include="..\src\command_source.cpp">
      <Filter>Source Files</Filter>
    </ClCompile>
  </ItemGroup>
  <ItemGroup>
    <ClInclude Include="..\src\bridge_host.h">
      <Filter>Header Files</Filter>
    </ClInclude>
    <ClInclude Include="..\src\node.h">
      <Filter>Header Files</Filter>
    </ClInclude>
    <ClInclude Include="..\src\osc_client.h">
      <Filter>Header Files</Filter>
    </ClInclude>
    <ClInclude Include="..\src\path.h">
      <Filter>Header Files</Filter>
    </ClInclude>
    <ClInclude Include="..\src\server.h">
      <Filter>Header Files</Filter>
    </ClInclude>
    <ClInclude Include="..\src\value.h">
      <Filter>Header Files</Filter>
    </ClInclude>
    <ClInclude Include="..\src\xmlrpc_common.h">
      <Filter>Header Files</Filter>
    </ClInclude>
    <ClInclude Include="..\src\xmlrpc_server.h">
      <Filter>Header Files</Filter>
    </ClInclude>
    <ClInclude Include="..\src\platform_specifics.h">
      <Filter>Header Files</Filter>
    </ClInclude>
    <ClInclude Include="..\src\player_handler.h">
      <Filter>Header Files</Filter>
    </ClInclude>
    <ClInclude Include="..\src\reentrance_checker.h">
      <Filter>Header Files</Filter>
    </ClInclude>
    <ClInclude Include="..\externals\minizip\crypt.h">
      <Filter>Externals\minizip</Filter>
    </ClInclude>
    <ClInclude Include="..\externals\minizip\ioapi.h">
      <Filter>Externals\minizip</Filter>
    </ClInclude>
    <ClInclude Include="..\externals\minizip\iowin32.h">
      <Filter>Externals\minizip</Filter>
    </ClInclude>
    <ClInclude Include="..\externals\minizip\mztools.h">
      <Filter>Externals\minizip</Filter>
    </ClInclude>
    <ClInclude Include="..\externals\minizip\unzip.h">
      <Filter>Externals\minizip</Filter>
    </ClInclude>
    <ClInclude Include="..\externals\minizip\zip.h">
      <Filter>Externals\minizip</Filter>
    </ClInclude>
    <ClInclude Include="..\src\data_directory.h">
      <Filter>Header Files</Filter>
    </ClInclude>
    <ClInclude Include="..\src\module_manager.h">
      <Filter>Header Files</Filter>
    </ClInclude>
    <ClInclude Include="..\src\scratch_directory.h">
      <Filter>Header Files</Filter>
    </ClInclude>
    <ClInclude Include="..\src\file_io.h">
      <Filter>Header Files</Filter>
    </ClInclude>
    <ClInclude Include="..\src\trace.h">
      <Filter>Header Files</Filter>
    </ClInclude>
    <ClInclude Include="..\src\error.h">
      <Filter>Header Files</Filter>
    </ClInclude>
    <ClInclude Include="..\src\node_endpoint.h">
      <Filter>Header Files</Filter>
    </ClInclude>
    <ClInclude Include="..\Integra\integra_bridge.h">
      <Filter>Header Files</Filter>
    </ClInclude>
    <ClInclude Include="..\src\state_table.h">
      <Filter>Header Files</Filter>
    </ClInclude>
    <ClInclude Include="..\api\server_api.h">
      <Filter>Header Files\api</Filter>
    </ClInclude>
    <ClInclude Include="..\api\server_startup_info.h">
      <Filter>Header Files\api</Filter>
    </ClInclude>
    <ClInclude Include="..\api\common_typedefs.h">
      <Filter>Header Files\api</Filter>
    </ClInclude>
    <ClInclude Include="..\src\file_helper.h">
      <Filter>Header Files</Filter>
    </ClInclude>
    <ClInclude Include="..\src\interface_definition.h">
      <Filter>Header Files</Filter>
    </ClInclude>
    <ClInclude Include="..\src\interface_definition_loader.h">
      <Filter>Header Files</Filter>
    </ClInclude>
    <ClInclude Include="..\api\command_api.h">
      <Filter>Header Files\api</Filter>
    </ClInclude>
    <ClInclude Include="..\api\command_result.h">
      <Filter>Header Files\api</Filter>
    </ClInclude>
    <ClInclude Include="..\src\string_helper.h">
      <Filter>Header Files</Filter>
    </ClInclude>
    <ClInclude Include="..\src\lua_engine.h">
      <Filter>Header Files</Filter>
    </ClInclude>
    <ClInclude Include="..\src\validator.h">
      <Filter>Header Files</Filter>
    </ClInclude>
    <ClInclude Include="..\src\delete_command.h">
      <Filter>Header Files\commands</Filter>
    </ClInclude>
    <ClInclude Include="..\src\new_command.h">
      <Filter>Header Files\commands</Filter>
    </ClInclude>
    <ClInclude Include="..\src\move_command.h">
      <Filter>Header Files\commands</Filter>
    </ClInclude>
    <ClInclude Include="..\src\set_command.h">
      <Filter>Header Files\commands</Filter>
    </ClInclude>
    <ClInclude Include="..\src\load_command.h">
      <Filter>Header Files\commands</Filter>
    </ClInclude>
    <ClInclude Include="..\src\rename_command.h">
      <Filter>Header Files\commands</Filter>
    </ClInclude>
    <ClInclude Include="..\src\save_command.h">
      <Filter>Header Files\commands</Filter>
    </ClInclude>
    <ClInclude Include="..\src\logic.h">
      <Filter>Header Files\logic</Filter>
    </ClInclude>
    <ClInclude Include="..\src\container_logic.h">
      <Filter>Header Files\logic</Filter>
    </ClInclude>
    <ClInclude Include="..\src\connection_logic.h">
      <Filter>Header Files\logic</Filter>
    </ClInclude>
    <ClInclude Include="..\src\control_point_logic.h">
      <Filter>Header Files\logic</Filter>
    </ClInclude>
    <ClInclude Include="..\src\envelope_logic.h">
      <Filter>Header Files\logic</Filter>
    </ClInclude>
    <ClInclude Include="..\src\player_logic.h">
      <Filter>Header Files\logic</Filter>
    </ClInclude>
    <ClInclude Include="..\src\scaler_logic.h">
      <Filter>Header Files\logic</Filter>
    </ClInclude>
    <ClInclude Include="..\src\scene_logic.h">
      <Filter>Header Files\logic</Filter>
    </ClInclude>
    <ClInclude Include="..\src\script_logic.h">
      <Filter>Header Files\logic</Filter>
    </ClInclude>
    <ClInclude Include="..\src\guid_helper.h">
      <Filter>Header Files</Filter>
    </ClInclude>
    <ClInclude Include="..\src\MurmurHash2.h">
      <Filter>Header Files</Filter>
    </ClInclude>
    <ClInclude Include="..\src\command_source.h">
      <Filter>Header Files</Filter>
    </ClInclude>
  </ItemGroup>
  <ItemGroup>
    <ResourceCompile Include="libIntegra.rc">
      <Filter>Resource Files</Filter>
    </ResourceCompile>
  </ItemGroup>
</Project>