// !$*UTF8*$!
{
	archiveVersion = 1;
	classes = {
	};
	objectVersion = 46;
	objects = {

/* Begin PBXBuildFile section */
		0852E77EA4423C16891BD805 /* AudioToolbox.framework in Frameworks */ = {isa = PBXBuildFile; fileRef = 5C9AFF852C47042FC7174E9D /* AudioToolbox.framework */; };
		1D09ADB0B753780189CDF86E /* include_juce_audio_formats.mm in Sources */ = {isa = PBXBuildFile; fileRef = DA5C22E4809560CD4F3227F6 /* include_juce_audio_formats.mm */; };
		1F42E92C0FB9EC09B230321E /* include_juce_audio_devices.mm in Sources */ = {isa = PBXBuildFile; fileRef = 2E320F151842AED2B8CF92E4 /* include_juce_audio_devices.mm */; };
		270C81031AFBD1B1BA36BE24 /* CoreMIDI.framework in Frameworks */ = {isa = PBXBuildFile; fileRef = E380B20CA6956FDE200A1FE8 /* CoreMIDI.framework */; };
		338C7D966FBF2A78F4373A38 /* include_juce_audio_basics.mm in Sources */ = {isa = PBXBuildFile; fileRef = B2515E57BC900AECC1A2F59E /* include_juce_audio_basics.mm */; };
		339A1F971CB26F4BB4365260 /* CoreMedia.framework in Frameworks */ = {isa = PBXBuildFile; fileRef = 235E3AB47F1C40E8F80959B5 /* CoreMedia.framework */; };
		342FC2BB20ED1CC200B687DF /* MarkdownView.cpp in Sources */ = {isa = PBXBuildFile; fileRef = 342FC2B920ED1CC200B687DF /* MarkdownView.cpp */; };
		342FC2F320EE0C2900B687DF /* libmarkdownparser.a in Frameworks */ = {isa = PBXBuildFile; fileRef = 342FC2EF20EE0C2900B687DF /* libmarkdownparser.a */; };
		3ABA5AD0FB7F7DF418379293 /* include_juce_opengl.mm in Sources */ = {isa = PBXBuildFile; fileRef = 6AE3A96B4E5FE19F80AC5129 /* include_juce_opengl.mm */; };
		503A79ADE9CD6AE79A45924B /* AVFoundation.framework in Frameworks */ = {isa = PBXBuildFile; fileRef = 33796B60CD6C83AD350E2CC1 /* AVFoundation.framework */; };
		52DB40CECB086EA2D716D2E4 /* include_juce_audio_processors.mm in Sources */ = {isa = PBXBuildFile; fileRef = 32D9EEA8D9FCA98C42B1EFAF /* include_juce_audio_processors.mm */; };
		53D8B99C1255236A76CCE1BC /* include_juce_events.mm in Sources */ = {isa = PBXBuildFile; fileRef = CE27461CFBBCECF246503E18 /* include_juce_events.mm */; };
		583EE122941E393B51D535D8 /* QuartzCore.framework in Frameworks */ = {isa = PBXBuildFile; fileRef = EF35A467CE1486BB84BA0A58 /* QuartzCore.framework */; };
		5A33220B8BA47E14F83692BE /* Accelerate.framework in Frameworks */ = {isa = PBXBuildFile; fileRef = 981084AE43DFC1EC33333456 /* Accelerate.framework */; };
		5E2A160CE857AFB43C8F9A2F /* RecentFilesMenuTemplate.nib in Resources */ = {isa = PBXBuildFile; fileRef = 156D5DBD95C35FF2D3B8EBD7 /* RecentFilesMenuTemplate.nib */; };
		5FD7935BFFCC2A5E36C44A49 /* include_juce_cryptography.mm in Sources */ = {isa = PBXBuildFile; fileRef = 6B5EA0D6CBA4462EDE60D3D1 /* include_juce_cryptography.mm */; };
		64ED0F1D3AE265506EE0F3C3 /* Main.cpp in Sources */ = {isa = PBXBuildFile; fileRef = 4F9CC3F4CE52254E52162583 /* Main.cpp */; };
		69F6DEA881451F0CC1BD282F /* include_juce_graphics.mm in Sources */ = {isa = PBXBuildFile; fileRef = 8CB6D9259090AD62D9C17098 /* include_juce_graphics.mm */; };
		782341D6B5D75AC019925D50 /* AVKit.framework in Frameworks */ = {isa = PBXBuildFile; fileRef = 4656FD66F16157D520EBA711 /* AVKit.framework */; };
		7E4B4238531D9006A91701DF /* include_juce_core.mm in Sources */ = {isa = PBXBuildFile; fileRef = 693D3CD3C46320268F21E656 /* include_juce_core.mm */; };
		8791289D1AF83B248B2BCAF5 /* Carbon.framework in Frameworks */ = {isa = PBXBuildFile; fileRef = E3443D895B618E10C09330FE /* Carbon.framework */; };
		95E6353C7B40A06214F18ED0 /* Cocoa.framework in Frameworks */ = {isa = PBXBuildFile; fileRef = 545932BA138D389BBB548366 /* Cocoa.framework */; };
		97390B4E5BE0E63E15612507 /* include_juce_data_structures.mm in Sources */ = {isa = PBXBuildFile; fileRef = FB40E0304C346856121CC722 /* include_juce_data_structures.mm */; };
		9A39D476E8AD97BC120B1D6A /* OpenGL.framework in Frameworks */ = {isa = PBXBuildFile; fileRef = 59BBFE8E4EC7EAE435E4A7B4 /* OpenGL.framework */; };
		9D0369FE9F62A298175DBED1 /* include_juce_gui_extra.mm in Sources */ = {isa = PBXBuildFile; fileRef = D3BB67B4A2C11AEA48F741A4 /* include_juce_gui_extra.mm */; };
		A561D89A18A304D1C838A97F /* WebKit.framework in Frameworks */ = {isa = PBXBuildFile; fileRef = 4431E60C1DB49A4A7EB8B48D /* WebKit.framework */; };
		CC66CB17232DBA51B3D7DBCD /* include_juce_gui_basics.mm in Sources */ = {isa = PBXBuildFile; fileRef = A44D3328B261D3DCD30460F9 /* include_juce_gui_basics.mm */; };
		D3B6B43E8C6DF77BFE14EF8B /* CoreAudio.framework in Frameworks */ = {isa = PBXBuildFile; fileRef = 6F8ECB7FE9CB18C2070D6709 /* CoreAudio.framework */; };
		EC1675F853636A255FD7BA00 /* include_juce_video.mm in Sources */ = {isa = PBXBuildFile; fileRef = 09BA86E4E9E7563C2A77ABC3 /* include_juce_video.mm */; };
		FC9680175E2EEA583852DA9C /* IOKit.framework in Frameworks */ = {isa = PBXBuildFile; fileRef = 58DFE7B9352557F3CE191972 /* IOKit.framework */; };
		FEB723BBFEFBB70FFC9E35FF /* MainComponent.cpp in Sources */ = {isa = PBXBuildFile; fileRef = 198E77FEF4C95801336486EB /* MainComponent.cpp */; };
/* End PBXBuildFile section */

/* Begin PBXFileReference section */
		09BA86E4E9E7563C2A77ABC3 /* include_juce_video.mm */ = {isa = PBXFileReference; lastKnownFileType = sourcecode.cpp.objcpp; name = include_juce_video.mm; path = ../../JuceLibraryCode/include_juce_video.mm; sourceTree = SOURCE_ROOT; };
		156D5DBD95C35FF2D3B8EBD7 /* RecentFilesMenuTemplate.nib */ = {isa = PBXFileReference; lastKnownFileType = file.nib; path = RecentFilesMenuTemplate.nib; sourceTree = SOURCE_ROOT; };
		198E77FEF4C95801336486EB /* MainComponent.cpp */ = {isa = PBXFileReference; lastKnownFileType = sourcecode.cpp.cpp; name = MainComponent.cpp; path = ../../Source/MainComponent.cpp; sourceTree = SOURCE_ROOT; };
		235E3AB47F1C40E8F80959B5 /* CoreMedia.framework */ = {isa = PBXFileReference; lastKnownFileType = wrapper.framework; name = CoreMedia.framework; path = System/Library/Frameworks/CoreMedia.framework; sourceTree = SDKROOT; };
		2E320F151842AED2B8CF92E4 /* include_juce_audio_devices.mm */ = {isa = PBXFileReference; lastKnownFileType = sourcecode.cpp.objcpp; name = include_juce_audio_devices.mm; path = ../../JuceLibraryCode/include_juce_audio_devices.mm; sourceTree = SOURCE_ROOT; };
		2F4FE018BB89C038F50BF718 /* juce_events */ = {isa = PBXFileReference; lastKnownFileType = folder; name = juce_events; path = ../../../../JUCE/modules/juce_events; sourceTree = SOURCE_ROOT; };
		32D9EEA8D9FCA98C42B1EFAF /* include_juce_audio_processors.mm */ = {isa = PBXFileReference; lastKnownFileType = sourcecode.cpp.objcpp; name = include_juce_audio_processors.mm; path = ../../JuceLibraryCode/include_juce_audio_processors.mm; sourceTree = SOURCE_ROOT; };
		33796B60CD6C83AD350E2CC1 /* AVFoundation.framework */ = {isa = PBXFileReference; lastKnownFileType = wrapper.framework; name = AVFoundation.framework; path = System/Library/Frameworks/AVFoundation.framework; sourceTree = SDKROOT; };
		342FC2B920ED1CC200B687DF /* MarkdownView.cpp */ = {isa = PBXFileReference; lastKnownFileType = sourcecode.cpp.cpp; name = MarkdownView.cpp; path = ../../Source/MarkdownView.cpp; sourceTree = "<group>"; };
		342FC2BA20ED1CC200B687DF /* MarkdownView.hpp */ = {isa = PBXFileReference; lastKnownFileType = sourcecode.cpp.h; name = MarkdownView.hpp; path = ../../Source/MarkdownView.hpp; sourceTree = "<group>"; };
		342FC2EF20EE0C2900B687DF /* libmarkdownparser.a */ = {isa = PBXFileReference; lastKnownFileType = archive.ar; path = libmarkdownparser.a; sourceTree = "<group>"; };
		342FC2F020EE0C2900B687DF /* ByteBuffer.h */ = {isa = PBXFileReference; fileEncoding = 4; lastKnownFileType = sourcecode.c.h; path = ByteBuffer.h; sourceTree = "<group>"; };
		342FC2F120EE0C2900B687DF /* MarkdownParser.h */ = {isa = PBXFileReference; fileEncoding = 4; lastKnownFileType = sourcecode.c.h; path = MarkdownParser.h; sourceTree = "<group>"; };
		342FC2F220EE0C2900B687DF /* MarkdownNode.h */ = {isa = PBXFileReference; fileEncoding = 4; lastKnownFileType = sourcecode.c.h; path = MarkdownNode.h; sourceTree = "<group>"; };
		360B5BC7E13403A8F783435E /* juce_gui_extra */ = {isa = PBXFileReference; lastKnownFileType = folder; name = juce_gui_extra; path = ../../../../JUCE/modules/juce_gui_extra; sourceTree = SOURCE_ROOT; };
		3C85E41A30A4698714A10142 /* JuceGuiTest2.app */ = {isa = PBXFileReference; explicitFileType = wrapper.application; includeInIndex = 0; path = JuceGuiTest2.app; sourceTree = BUILT_PRODUCTS_DIR; };
		3CBCDF10F237523C485CBCC9 /* juce_opengl */ = {isa = PBXFileReference; lastKnownFileType = folder; name = juce_opengl; path = ../../../../JUCE/modules/juce_opengl; sourceTree = SOURCE_ROOT; };
		3E0329B0DF4645A6FD1DD94E /* juce_data_structures */ = {isa = PBXFileReference; lastKnownFileType = folder; name = juce_data_structures; path = ../../../../JUCE/modules/juce_data_structures; sourceTree = SOURCE_ROOT; };
		4431E60C1DB49A4A7EB8B48D /* WebKit.framework */ = {isa = PBXFileReference; lastKnownFileType = wrapper.framework; name = WebKit.framework; path = System/Library/Frameworks/WebKit.framework; sourceTree = SDKROOT; };
		4656FD66F16157D520EBA711 /* AVKit.framework */ = {isa = PBXFileReference; lastKnownFileType = wrapper.framework; name = AVKit.framework; path = System/Library/Frameworks/AVKit.framework; sourceTree = SDKROOT; };
		4A6515D3899C0836EE623819 /* AppConfig.h */ = {isa = PBXFileReference; lastKnownFileType = sourcecode.c.h; name = AppConfig.h; path = ../../JuceLibraryCode/AppConfig.h; sourceTree = SOURCE_ROOT; };
		4F9CC3F4CE52254E52162583 /* Main.cpp */ = {isa = PBXFileReference; lastKnownFileType = sourcecode.cpp.cpp; name = Main.cpp; path = ../../Source/Main.cpp; sourceTree = SOURCE_ROOT; };
		545932BA138D389BBB548366 /* Cocoa.framework */ = {isa = PBXFileReference; lastKnownFileType = wrapper.framework; name = Cocoa.framework; path = System/Library/Frameworks/Cocoa.framework; sourceTree = SDKROOT; };
		56228B749266A93FA4C7E35F /* juce_gui_basics */ = {isa = PBXFileReference; lastKnownFileType = folder; name = juce_gui_basics; path = ../../../../JUCE/modules/juce_gui_basics; sourceTree = SOURCE_ROOT; };
		58DFE7B9352557F3CE191972 /* IOKit.framework */ = {isa = PBXFileReference; lastKnownFileType = wrapper.framework; name = IOKit.framework; path = System/Library/Frameworks/IOKit.framework; sourceTree = SDKROOT; };
		59BBFE8E4EC7EAE435E4A7B4 /* OpenGL.framework */ = {isa = PBXFileReference; lastKnownFileType = wrapper.framework; name = OpenGL.framework; path = System/Library/Frameworks/OpenGL.framework; sourceTree = SDKROOT; };
		5C9AFF852C47042FC7174E9D /* AudioToolbox.framework */ = {isa = PBXFileReference; lastKnownFileType = wrapper.framework; name = AudioToolbox.framework; path = System/Library/Frameworks/AudioToolbox.framework; sourceTree = SDKROOT; };
		693D3CD3C46320268F21E656 /* include_juce_core.mm */ = {isa = PBXFileReference; lastKnownFileType = sourcecode.cpp.objcpp; name = include_juce_core.mm; path = ../../JuceLibraryCode/include_juce_core.mm; sourceTree = SOURCE_ROOT; };
		6AE3A96B4E5FE19F80AC5129 /* include_juce_opengl.mm */ = {isa = PBXFileReference; lastKnownFileType = sourcecode.cpp.objcpp; name = include_juce_opengl.mm; path = ../../JuceLibraryCode/include_juce_opengl.mm; sourceTree = SOURCE_ROOT; };
		6B5EA0D6CBA4462EDE60D3D1 /* include_juce_cryptography.mm */ = {isa = PBXFileReference; lastKnownFileType = sourcecode.cpp.objcpp; name = include_juce_cryptography.mm; path = ../../JuceLibraryCode/include_juce_cryptography.mm; sourceTree = SOURCE_ROOT; };
		6F8ECB7FE9CB18C2070D6709 /* CoreAudio.framework */ = {isa = PBXFileReference; lastKnownFileType = wrapper.framework; name = CoreAudio.framework; path = System/Library/Frameworks/CoreAudio.framework; sourceTree = SDKROOT; };
		7996EF23ABC44908AB2F44DD /* JuceHeader.h */ = {isa = PBXFileReference; lastKnownFileType = sourcecode.c.h; name = JuceHeader.h; path = ../../JuceLibraryCode/JuceHeader.h; sourceTree = SOURCE_ROOT; };
		7E4C453EC5685E570ED182B4 /* juce_audio_basics */ = {isa = PBXFileReference; lastKnownFileType = folder; name = juce_audio_basics; path = ../../../../JUCE/modules/juce_audio_basics; sourceTree = SOURCE_ROOT; };
		81FADA0BFD022F4988831237 /* juce_graphics */ = {isa = PBXFileReference; lastKnownFileType = folder; name = juce_graphics; path = ../../../../JUCE/modules/juce_graphics; sourceTree = SOURCE_ROOT; };
		868AD75E5C316CC66BB2F15F /* juce_audio_formats */ = {isa = PBXFileReference; lastKnownFileType = folder; name = juce_audio_formats; path = ../../../../JUCE/modules/juce_audio_formats; sourceTree = SOURCE_ROOT; };
		88173F783CAB3B05B66E0296 /* juce_video */ = {isa = PBXFileReference; lastKnownFileType = folder; name = juce_video; path = ../../../../JUCE/modules/juce_video; sourceTree = SOURCE_ROOT; };
		8CB6D9259090AD62D9C17098 /* include_juce_graphics.mm */ = {isa = PBXFileReference; lastKnownFileType = sourcecode.cpp.objcpp; name = include_juce_graphics.mm; path = ../../JuceLibraryCode/include_juce_graphics.mm; sourceTree = SOURCE_ROOT; };
		8ECB7D2EF7D7EE072A714804 /* MainComponent.h */ = {isa = PBXFileReference; lastKnownFileType = sourcecode.c.h; name = MainComponent.h; path = ../../Source/MainComponent.h; sourceTree = SOURCE_ROOT; };
		981084AE43DFC1EC33333456 /* Accelerate.framework */ = {isa = PBXFileReference; lastKnownFileType = wrapper.framework; name = Accelerate.framework; path = System/Library/Frameworks/Accelerate.framework; sourceTree = SDKROOT; };
		991A222D28E84E2F7D6780EB /* juce_core */ = {isa = PBXFileReference; lastKnownFileType = folder; name = juce_core; path = ../../../../JUCE/modules/juce_core; sourceTree = SOURCE_ROOT; };
		A44D3328B261D3DCD30460F9 /* include_juce_gui_basics.mm */ = {isa = PBXFileReference; lastKnownFileType = sourcecode.cpp.objcpp; name = include_juce_gui_basics.mm; path = ../../JuceLibraryCode/include_juce_gui_basics.mm; sourceTree = SOURCE_ROOT; };
		AA5BB34F3605AF9E66AC56CC /* juce_cryptography */ = {isa = PBXFileReference; lastKnownFileType = folder; name = juce_cryptography; path = ../../../../JUCE/modules/juce_cryptography; sourceTree = SOURCE_ROOT; };
		B0238A4CDA0C734D8726F807 /* juce_audio_processors */ = {isa = PBXFileReference; lastKnownFileType = folder; name = juce_audio_processors; path = ../../../../JUCE/modules/juce_audio_processors; sourceTree = SOURCE_ROOT; };
		B2515E57BC900AECC1A2F59E /* include_juce_audio_basics.mm */ = {isa = PBXFileReference; lastKnownFileType = sourcecode.cpp.objcpp; name = include_juce_audio_basics.mm; path = ../../JuceLibraryCode/include_juce_audio_basics.mm; sourceTree = SOURCE_ROOT; };
		BA9F7E07FEAD0427251EB7F8 /* juce_audio_devices */ = {isa = PBXFileReference; lastKnownFileType = folder; name = juce_audio_devices; path = ../../../../JUCE/modules/juce_audio_devices; sourceTree = SOURCE_ROOT; };
		CE27461CFBBCECF246503E18 /* include_juce_events.mm */ = {isa = PBXFileReference; lastKnownFileType = sourcecode.cpp.objcpp; name = include_juce_events.mm; path = ../../JuceLibraryCode/include_juce_events.mm; sourceTree = SOURCE_ROOT; };
		D3BB67B4A2C11AEA48F741A4 /* include_juce_gui_extra.mm */ = {isa = PBXFileReference; lastKnownFileType = sourcecode.cpp.objcpp; name = include_juce_gui_extra.mm; path = ../../JuceLibraryCode/include_juce_gui_extra.mm; sourceTree = SOURCE_ROOT; };
		DA04035F3D190A0C15E74AF3 /* Info-App.plist */ = {isa = PBXFileReference; lastKnownFileType = text.plist.xml; path = "Info-App.plist"; sourceTree = SOURCE_ROOT; };
		DA5C22E4809560CD4F3227F6 /* include_juce_audio_formats.mm */ = {isa = PBXFileReference; lastKnownFileType = sourcecode.cpp.objcpp; name = include_juce_audio_formats.mm; path = ../../JuceLibraryCode/include_juce_audio_formats.mm; sourceTree = SOURCE_ROOT; };
		E3443D895B618E10C09330FE /* Carbon.framework */ = {isa = PBXFileReference; lastKnownFileType = wrapper.framework; name = Carbon.framework; path = System/Library/Frameworks/Carbon.framework; sourceTree = SDKROOT; };
		E380B20CA6956FDE200A1FE8 /* CoreMIDI.framework */ = {isa = PBXFileReference; lastKnownFileType = wrapper.framework; name = CoreMIDI.framework; path = System/Library/Frameworks/CoreMIDI.framework; sourceTree = SDKROOT; };
		EF35A467CE1486BB84BA0A58 /* QuartzCore.framework */ = {isa = PBXFileReference; lastKnownFileType = wrapper.framework; name = QuartzCore.framework; path = System/Library/Frameworks/QuartzCore.framework; sourceTree = SDKROOT; };
		FB40E0304C346856121CC722 /* include_juce_data_structures.mm */ = {isa = PBXFileReference; lastKnownFileType = sourcecode.cpp.objcpp; name = include_juce_data_structures.mm; path = ../../JuceLibraryCode/include_juce_data_structures.mm; sourceTree = SOURCE_ROOT; };
/* End PBXFileReference section */

/* Begin PBXFrameworksBuildPhase section */
		7AD97C56933A4A7AD555DDCA /* Frameworks */ = {
			isa = PBXFrameworksBuildPhase;
			buildActionMask = 2147483647;
			files = (
				5A33220B8BA47E14F83692BE /* Accelerate.framework in Frameworks */,
				0852E77EA4423C16891BD805 /* AudioToolbox.framework in Frameworks */,
				503A79ADE9CD6AE79A45924B /* AVFoundation.framework in Frameworks */,
				782341D6B5D75AC019925D50 /* AVKit.framework in Frameworks */,
				8791289D1AF83B248B2BCAF5 /* Carbon.framework in Frameworks */,
				95E6353C7B40A06214F18ED0 /* Cocoa.framework in Frameworks */,
				D3B6B43E8C6DF77BFE14EF8B /* CoreAudio.framework in Frameworks */,
				342FC2F320EE0C2900B687DF /* libmarkdownparser.a in Frameworks */,
				339A1F971CB26F4BB4365260 /* CoreMedia.framework in Frameworks */,
				270C81031AFBD1B1BA36BE24 /* CoreMIDI.framework in Frameworks */,
				FC9680175E2EEA583852DA9C /* IOKit.framework in Frameworks */,
				9A39D476E8AD97BC120B1D6A /* OpenGL.framework in Frameworks */,
				583EE122941E393B51D535D8 /* QuartzCore.framework in Frameworks */,
				A561D89A18A304D1C838A97F /* WebKit.framework in Frameworks */,
			);
			runOnlyForDeploymentPostprocessing = 0;
		};
/* End PBXFrameworksBuildPhase section */

/* Begin PBXGroup section */
		0D15C09F91CF92EEE54BD3E5 /* Source */ = {
			isa = PBXGroup;
			children = (
				FA6E836268EC699281219C7C /* JuceGuiTest2 */,
				1B218F0AFF0A23737BD5FFAC /* JUCE Modules */,
				14ABCF592BBE3EB066503317 /* JUCE Library Code */,
				55DE45E0B54E392D9556BDB5 /* Resources */,
				762A70AD1663A929D5C2F76F /* Frameworks */,
				A675E85450E03D2E6C9509F5 /* Products */,
			);
			name = Source;
			sourceTree = "<group>";
		};
		14ABCF592BBE3EB066503317 /* JUCE Library Code */ = {
			isa = PBXGroup;
			children = (
				4A6515D3899C0836EE623819 /* AppConfig.h */,
				B2515E57BC900AECC1A2F59E /* include_juce_audio_basics.mm */,
				2E320F151842AED2B8CF92E4 /* include_juce_audio_devices.mm */,
				DA5C22E4809560CD4F3227F6 /* include_juce_audio_formats.mm */,
				32D9EEA8D9FCA98C42B1EFAF /* include_juce_audio_processors.mm */,
				693D3CD3C46320268F21E656 /* include_juce_core.mm */,
				6B5EA0D6CBA4462EDE60D3D1 /* include_juce_cryptography.mm */,
				FB40E0304C346856121CC722 /* include_juce_data_structures.mm */,
				CE27461CFBBCECF246503E18 /* include_juce_events.mm */,
				8CB6D9259090AD62D9C17098 /* include_juce_graphics.mm */,
				A44D3328B261D3DCD30460F9 /* include_juce_gui_basics.mm */,
				D3BB67B4A2C11AEA48F741A4 /* include_juce_gui_extra.mm */,
				6AE3A96B4E5FE19F80AC5129 /* include_juce_opengl.mm */,
				09BA86E4E9E7563C2A77ABC3 /* include_juce_video.mm */,
				7996EF23ABC44908AB2F44DD /* JuceHeader.h */,
			);
			name = "JUCE Library Code";
			sourceTree = "<group>";
		};
		1B218F0AFF0A23737BD5FFAC /* JUCE Modules */ = {
			isa = PBXGroup;
			children = (
				7E4C453EC5685E570ED182B4 /* juce_audio_basics */,
				BA9F7E07FEAD0427251EB7F8 /* juce_audio_devices */,
				868AD75E5C316CC66BB2F15F /* juce_audio_formats */,
				B0238A4CDA0C734D8726F807 /* juce_audio_processors */,
				991A222D28E84E2F7D6780EB /* juce_core */,
				AA5BB34F3605AF9E66AC56CC /* juce_cryptography */,
				3E0329B0DF4645A6FD1DD94E /* juce_data_structures */,
				2F4FE018BB89C038F50BF718 /* juce_events */,
				81FADA0BFD022F4988831237 /* juce_graphics */,
				56228B749266A93FA4C7E35F /* juce_gui_basics */,
				360B5BC7E13403A8F783435E /* juce_gui_extra */,
				3CBCDF10F237523C485CBCC9 /* juce_opengl */,
				88173F783CAB3B05B66E0296 /* juce_video */,
			);
			name = "JUCE Modules";
			sourceTree = "<group>";
		};
		342FC2EE20EE0C2900B687DF /* libMarkdownParser */ = {
			isa = PBXGroup;
			children = (
				342FC2EF20EE0C2900B687DF /* libmarkdownparser.a */,
				342FC2F020EE0C2900B687DF /* ByteBuffer.h */,
				342FC2F120EE0C2900B687DF /* MarkdownParser.h */,
				342FC2F220EE0C2900B687DF /* MarkdownNode.h */,
			);
			name = libMarkdownParser;
			path = ../../libMarkdownParser;
			sourceTree = "<group>";
		};
		55DE45E0B54E392D9556BDB5 /* Resources */ = {
			isa = PBXGroup;
			children = (
				DA04035F3D190A0C15E74AF3 /* Info-App.plist */,
				156D5DBD95C35FF2D3B8EBD7 /* RecentFilesMenuTemplate.nib */,
			);
			name = Resources;
			sourceTree = "<group>";
		};
		762A70AD1663A929D5C2F76F /* Frameworks */ = {
			isa = PBXGroup;
			children = (
				981084AE43DFC1EC33333456 /* Accelerate.framework */,
				5C9AFF852C47042FC7174E9D /* AudioToolbox.framework */,
				33796B60CD6C83AD350E2CC1 /* AVFoundation.framework */,
				4656FD66F16157D520EBA711 /* AVKit.framework */,
				E3443D895B618E10C09330FE /* Carbon.framework */,
				545932BA138D389BBB548366 /* Cocoa.framework */,
				6F8ECB7FE9CB18C2070D6709 /* CoreAudio.framework */,
				235E3AB47F1C40E8F80959B5 /* CoreMedia.framework */,
				E380B20CA6956FDE200A1FE8 /* CoreMIDI.framework */,
				58DFE7B9352557F3CE191972 /* IOKit.framework */,
				59BBFE8E4EC7EAE435E4A7B4 /* OpenGL.framework */,
				EF35A467CE1486BB84BA0A58 /* QuartzCore.framework */,
				4431E60C1DB49A4A7EB8B48D /* WebKit.framework */,
			);
			name = Frameworks;
			sourceTree = "<group>";
		};
		9F3C289FAA2255C6F5E67B4D /* Source */ = {
			isa = PBXGroup;
			children = (
				8ECB7D2EF7D7EE072A714804 /* MainComponent.h */,
				198E77FEF4C95801336486EB /* MainComponent.cpp */,
				4F9CC3F4CE52254E52162583 /* Main.cpp */,
				342FC2B920ED1CC200B687DF /* MarkdownView.cpp */,
				342FC2BA20ED1CC200B687DF /* MarkdownView.hpp */,
			);
			name = Source;
			sourceTree = "<group>";
		};
		A675E85450E03D2E6C9509F5 /* Products */ = {
			isa = PBXGroup;
			children = (
				3C85E41A30A4698714A10142 /* JuceGuiTest2.app */,
			);
			name = Products;
			sourceTree = "<group>";
		};
		FA6E836268EC699281219C7C /* JuceGuiTest2 */ = {
			isa = PBXGroup;
			children = (
				342FC2EE20EE0C2900B687DF /* libMarkdownParser */,
				9F3C289FAA2255C6F5E67B4D /* Source */,
			);
			name = JuceGuiTest2;
			sourceTree = "<group>";
		};
/* End PBXGroup section */

/* Begin PBXNativeTarget section */
		998A10CC2D75EE1E6596A824 /* JuceGuiTest2 - App */ = {
			isa = PBXNativeTarget;
			buildConfigurationList = C03BBCDDC7CF1AF9F133007B /* Build configuration list for PBXNativeTarget "JuceGuiTest2 - App" */;
			buildPhases = (
				D6DA11A1461AB24CBC230645 /* Resources */,
				8967D0F5AB5C8F22D64C9773 /* Sources */,
				7AD97C56933A4A7AD555DDCA /* Frameworks */,
			);
			buildRules = (
			);
			dependencies = (
			);
			name = "JuceGuiTest2 - App";
			productName = JuceGuiTest2;
			productReference = 3C85E41A30A4698714A10142 /* JuceGuiTest2.app */;
			productType = "com.apple.product-type.application";
		};
/* End PBXNativeTarget section */

/* Begin PBXProject section */
		47EC3CDE8D474449550B38C4 /* Project object */ = {
			isa = PBXProject;
			attributes = {
				LastUpgradeCheck = 0940;
				ORGANIZATIONNAME = "";
				TargetAttributes = {
					998A10CC2D75EE1E6596A824 = {
						SystemCapabilities = {
							com.apple.ApplicationGroups.iOS = {
								enabled = 0;
							};
							com.apple.InAppPurchase = {
								enabled = 0;
							};
							com.apple.InterAppAudio = {
								enabled = 0;
							};
							com.apple.Push = {
								enabled = 0;
							};
							com.apple.Sandbox = {
								enabled = 0;
							};
						};
					};
				};
			};
			buildConfigurationList = 325DEE7E43A4DDA1BA8BD0A1 /* Build configuration list for PBXProject "JuceGuiTest2" */;
			compatibilityVersion = "Xcode 3.2";
			developmentRegion = en;
			hasScannedForEncodings = 0;
			knownRegions = (
				en,
			);
			mainGroup = 0D15C09F91CF92EEE54BD3E5 /* Source */;
			projectDirPath = "";
			projectRoot = "";
			targets = (
				998A10CC2D75EE1E6596A824 /* JuceGuiTest2 - App */,
			);
		};
/* End PBXProject section */

/* Begin PBXResourcesBuildPhase section */
		D6DA11A1461AB24CBC230645 /* Resources */ = {
			isa = PBXResourcesBuildPhase;
			buildActionMask = 2147483647;
			files = (
				5E2A160CE857AFB43C8F9A2F /* RecentFilesMenuTemplate.nib in Resources */,
			);
			runOnlyForDeploymentPostprocessing = 0;
		};
/* End PBXResourcesBuildPhase section */

/* Begin PBXSourcesBuildPhase section */
		8967D0F5AB5C8F22D64C9773 /* Sources */ = {
			isa = PBXSourcesBuildPhase;
			buildActionMask = 2147483647;
			files = (
				FEB723BBFEFBB70FFC9E35FF /* MainComponent.cpp in Sources */,
				64ED0F1D3AE265506EE0F3C3 /* Main.cpp in Sources */,
				338C7D966FBF2A78F4373A38 /* include_juce_audio_basics.mm in Sources */,
				1F42E92C0FB9EC09B230321E /* include_juce_audio_devices.mm in Sources */,
				1D09ADB0B753780189CDF86E /* include_juce_audio_formats.mm in Sources */,
				52DB40CECB086EA2D716D2E4 /* include_juce_audio_processors.mm in Sources */,
				7E4B4238531D9006A91701DF /* include_juce_core.mm in Sources */,
				5FD7935BFFCC2A5E36C44A49 /* include_juce_cryptography.mm in Sources */,
				97390B4E5BE0E63E15612507 /* include_juce_data_structures.mm in Sources */,
				53D8B99C1255236A76CCE1BC /* include_juce_events.mm in Sources */,
				69F6DEA881451F0CC1BD282F /* include_juce_graphics.mm in Sources */,
				CC66CB17232DBA51B3D7DBCD /* include_juce_gui_basics.mm in Sources */,
				9D0369FE9F62A298175DBED1 /* include_juce_gui_extra.mm in Sources */,
				3ABA5AD0FB7F7DF418379293 /* include_juce_opengl.mm in Sources */,
				EC1675F853636A255FD7BA00 /* include_juce_video.mm in Sources */,
				342FC2BB20ED1CC200B687DF /* MarkdownView.cpp in Sources */,
			);
			runOnlyForDeploymentPostprocessing = 0;
		};
/* End PBXSourcesBuildPhase section */

/* Begin XCBuildConfiguration section */
		657BDEE4C447F40176D3E6DC /* Debug */ = {
			isa = XCBuildConfiguration;
			buildSettings = {
				ALWAYS_SEARCH_USER_PATHS = NO;
				CLANG_WARN_BLOCK_CAPTURE_AUTORELEASING = YES;
				CLANG_WARN_BOOL_CONVERSION = YES;
				CLANG_WARN_COMMA = YES;
				CLANG_WARN_CONSTANT_CONVERSION = YES;
				CLANG_WARN_DEPRECATED_OBJC_IMPLEMENTATIONS = YES;
				CLANG_WARN_EMPTY_BODY = YES;
				CLANG_WARN_ENUM_CONVERSION = YES;
				CLANG_WARN_INFINITE_RECURSION = YES;
				CLANG_WARN_INT_CONVERSION = YES;
				CLANG_WARN_NON_LITERAL_NULL_CONVERSION = YES;
				CLANG_WARN_OBJC_IMPLICIT_RETAIN_SELF = YES;
				CLANG_WARN_OBJC_LITERAL_CONVERSION = YES;
				CLANG_WARN_RANGE_LOOP_ANALYSIS = YES;
				CLANG_WARN_STRICT_PROTOTYPES = YES;
				CLANG_WARN_SUSPICIOUS_MOVE = YES;
				CLANG_WARN_UNREACHABLE_CODE = YES;
				CLANG_WARN__DUPLICATE_METHOD_MATCH = YES;
				DEBUG_INFORMATION_FORMAT = dwarf;
				ENABLE_STRICT_OBJC_MSGSEND = YES;
				ENABLE_TESTABILITY = YES;
				GCC_C_LANGUAGE_STANDARD = c11;
				GCC_INLINES_ARE_PRIVATE_EXTERN = YES;
				GCC_MODEL_TUNING = G5;
				GCC_NO_COMMON_BLOCKS = YES;
				GCC_WARN_64_TO_32_BIT_CONVERSION = YES;
				GCC_WARN_ABOUT_RETURN_TYPE = YES;
				GCC_WARN_CHECK_SWITCH_STATEMENTS = YES;
				GCC_WARN_MISSING_PARENTHESES = YES;
				GCC_WARN_NON_VIRTUAL_DESTRUCTOR = YES;
				GCC_WARN_TYPECHECK_CALLS_TO_PRINTF = YES;
				GCC_WARN_UNDECLARED_SELECTOR = YES;
				GCC_WARN_UNINITIALIZED_AUTOS = YES;
				GCC_WARN_UNUSED_FUNCTION = YES;
				GCC_WARN_UNUSED_VARIABLE = YES;
				HEADER_SEARCH_PATHS = "$(SRCROOT)/../../libMarkdownParser";
				LIBRARY_SEARCH_PATHS = "$(SRCROOT)/../../libMarkdownParser";
				ONLY_ACTIVE_ARCH = YES;
				PRODUCT_NAME = JuceGuiTest2;
				WARNING_CFLAGS = "-Wreorder";
				ZERO_LINK = NO;
			};
			name = Debug;
		};
		A101D37E8BD4D9B50CFCCC62 /* Debug */ = {
			isa = XCBuildConfiguration;
			buildSettings = {
				CLANG_CXX_LANGUAGE_STANDARD = "c++14";
				CLANG_CXX_LIBRARY = "libc++";
				CLANG_ENABLE_OBJC_WEAK = YES;
				CLANG_LINK_OBJC_RUNTIME = NO;
				COMBINE_HIDPI_IMAGES = YES;
				CONFIGURATION_BUILD_DIR = "$(PROJECT_DIR)/build/$(CONFIGURATION)";
				COPY_PHASE_STRIP = NO;
				GCC_DYNAMIC_NO_PIC = NO;
				GCC_OPTIMIZATION_LEVEL = 0;
				GCC_PREPROCESSOR_DEFINITIONS = (
					"_DEBUG=1",
					"DEBUG=1",
					"JUCER_XCODE_MAC_F6D2F4CF=1",
					"JUCE_APP_VERSION=1.0.0",
					"JUCE_APP_VERSION_HEX=0x10000",
					"JucePlugin_Build_VST=0",
					"JucePlugin_Build_VST3=0",
					"JucePlugin_Build_AU=0",
					"JucePlugin_Build_AUv3=0",
					"JucePlugin_Build_RTAS=0",
					"JucePlugin_Build_AAX=0",
					"JucePlugin_Build_Standalone=0",
				);
				GCC_VERSION = com.apple.compilers.llvm.clang.1_0;
				HEADER_SEARCH_PATHS = (
					../../JuceLibraryCode,
					../../../../JUCE/modules,
					"$(inherited)",
				);
				INFOPLIST_FILE = "Info-App.plist";
				INFOPLIST_PREPROCESS = NO;
				INSTALL_PATH = "$(HOME)/Applications";
				LIBRARY_SEARCH_PATHS = (
					"$(inherited)",
					"$(PROJECT_DIR)",
				);
				MACOSX_DEPLOYMENT_TARGET = 10.11;
				MACOSX_DEPLOYMENT_TARGET_ppc = 10.4;
				PRODUCT_BUNDLE_IDENTIFIER = com.yourcompany.JuceGuiTest2;
				SDKROOT_ppc = macosx10.5;
				USE_HEADERMAP = NO;
			};
			name = Debug;
		};
		ACCBF81E0885BE76A9CF8778 /* Release */ = {
			isa = XCBuildConfiguration;
			buildSettings = {
				ALWAYS_SEARCH_USER_PATHS = NO;
				CLANG_WARN_BLOCK_CAPTURE_AUTORELEASING = YES;
				CLANG_WARN_BOOL_CONVERSION = YES;
				CLANG_WARN_COMMA = YES;
				CLANG_WARN_CONSTANT_CONVERSION = YES;
				CLANG_WARN_DEPRECATED_OBJC_IMPLEMENTATIONS = YES;
				CLANG_WARN_EMPTY_BODY = YES;
				CLANG_WARN_ENUM_CONVERSION = YES;
				CLANG_WARN_INFINITE_RECURSION = YES;
				CLANG_WARN_INT_CONVERSION = YES;
				CLANG_WARN_NON_LITERAL_NULL_CONVERSION = YES;
				CLANG_WARN_OBJC_IMPLICIT_RETAIN_SELF = YES;
				CLANG_WARN_OBJC_LITERAL_CONVERSION = YES;
				CLANG_WARN_RANGE_LOOP_ANALYSIS = YES;
				CLANG_WARN_STRICT_PROTOTYPES = YES;
				CLANG_WARN_SUSPICIOUS_MOVE = YES;
				CLANG_WARN_UNREACHABLE_CODE = YES;
				CLANG_WARN__DUPLICATE_METHOD_MATCH = YES;
				DEBUG_INFORMATION_FORMAT = dwarf;
				ENABLE_STRICT_OBJC_MSGSEND = YES;
				GCC_C_LANGUAGE_STANDARD = c11;
				GCC_INLINES_ARE_PRIVATE_EXTERN = YES;
				GCC_MODEL_TUNING = G5;
				GCC_NO_COMMON_BLOCKS = YES;
				GCC_WARN_64_TO_32_BIT_CONVERSION = YES;
				GCC_WARN_ABOUT_RETURN_TYPE = YES;
				GCC_WARN_CHECK_SWITCH_STATEMENTS = YES;
				GCC_WARN_MISSING_PARENTHESES = YES;
				GCC_WARN_NON_VIRTUAL_DESTRUCTOR = YES;
				GCC_WARN_TYPECHECK_CALLS_TO_PRINTF = YES;
				GCC_WARN_UNDECLARED_SELECTOR = YES;
				GCC_WARN_UNINITIALIZED_AUTOS = YES;
				GCC_WARN_UNUSED_FUNCTION = YES;
				GCC_WARN_UNUSED_VARIABLE = YES;
				HEADER_SEARCH_PATHS = "$(SRCROOT)/../../libMarkdownParser";
				LIBRARY_SEARCH_PATHS = "$(SRCROOT)/../../libMarkdownParser";
				PRODUCT_NAME = JuceGuiTest2;
				WARNING_CFLAGS = "-Wreorder";
				ZERO_LINK = NO;
			};
			name = Release;
		};
		D6FC25ACEC5C21D3B5066834 /* Release */ = {
			isa = XCBuildConfiguration;
			buildSettings = {
				CLANG_CXX_LANGUAGE_STANDARD = "c++14";
				CLANG_CXX_LIBRARY = "libc++";
				CLANG_ENABLE_OBJC_WEAK = YES;
				CLANG_LINK_OBJC_RUNTIME = NO;
				COMBINE_HIDPI_IMAGES = YES;
				CONFIGURATION_BUILD_DIR = "$(PROJECT_DIR)/build/$(CONFIGURATION)";
				DEAD_CODE_STRIPPING = YES;
				GCC_GENERATE_DEBUGGING_SYMBOLS = NO;
				GCC_OPTIMIZATION_LEVEL = 3;
				GCC_PREPROCESSOR_DEFINITIONS = (
					"_NDEBUG=1",
					"NDEBUG=1",
					"JUCER_XCODE_MAC_F6D2F4CF=1",
					"JUCE_APP_VERSION=1.0.0",
					"JUCE_APP_VERSION_HEX=0x10000",
					"JucePlugin_Build_VST=0",
					"JucePlugin_Build_VST3=0",
					"JucePlugin_Build_AU=0",
					"JucePlugin_Build_AUv3=0",
					"JucePlugin_Build_RTAS=0",
					"JucePlugin_Build_AAX=0",
					"JucePlugin_Build_Standalone=0",
				);
				GCC_SYMBOLS_PRIVATE_EXTERN = YES;
				GCC_VERSION = com.apple.compilers.llvm.clang.1_0;
				HEADER_SEARCH_PATHS = (
					../../JuceLibraryCode,
					../../../../JUCE/modules,
					"$(inherited)",
				);
				INFOPLIST_FILE = "Info-App.plist";
				INFOPLIST_PREPROCESS = NO;
				INSTALL_PATH = "$(HOME)/Applications";
				LIBRARY_SEARCH_PATHS = (
					"$(inherited)",
					"$(PROJECT_DIR)",
				);
				LLVM_LTO = YES;
				MACOSX_DEPLOYMENT_TARGET = 10.11;
				MACOSX_DEPLOYMENT_TARGET_ppc = 10.4;
				PRODUCT_BUNDLE_IDENTIFIER = com.yourcompany.JuceGuiTest2;
				SDKROOT_ppc = macosx10.5;
				USE_HEADERMAP = NO;
			};
			name = Release;
		};
/* End XCBuildConfiguration section */

/* Begin XCConfigurationList section */
		325DEE7E43A4DDA1BA8BD0A1 /* Build configuration list for PBXProject "JuceGuiTest2" */ = {
			isa = XCConfigurationList;
			buildConfigurations = (
				657BDEE4C447F40176D3E6DC /* Debug */,
				ACCBF81E0885BE76A9CF8778 /* Release */,
			);
			defaultConfigurationIsVisible = 0;
			defaultConfigurationName = Debug;
		};
		C03BBCDDC7CF1AF9F133007B /* Build configuration list for PBXNativeTarget "JuceGuiTest2 - App" */ = {
			isa = XCConfigurationList;
			buildConfigurations = (
				A101D37E8BD4D9B50CFCCC62 /* Debug */,
				D6FC25ACEC5C21D3B5066834 /* Release */,
			);
			defaultConfigurationIsVisible = 0;
			defaultConfigurationName = Debug;
		};
/* End XCConfigurationList section */
	};
	rootObject = 47EC3CDE8D474449550B38C4 /* Project object */;
}
